github.com/confluentinc/confluent-kafka-go v1.6.1 h1:YxM/UtMQ2vgJX2gIgeJFUD0ANQYTEvfo4Cs4qKUlmGE=
github.com/confluentinc/confluent-kafka-go v1.6.1/go.mod h1:u2zNLny2xq+5rWeTQjFHbDzzNuba4P1vo31r9r4uAdg=
github.com/phf/go-queue v0.0.0-20170504031614-9abe38d0371d h1:U+PMnTlV2tu7RuMK5etusZG3Cf+rpow5hqQByeCzJ2g=
github.com/phf/go-queue v0.0.0-20170504031614-9abe38d0371d/go.mod h1:lXfE4PvvTW5xOjO6Mba8zDPyw8M93B6AQ7frTGnMlA8=
